{
  "originHash" : "645967467f3f1539ebca15573933ec7943a9b081d15f69986d2ce4400305dd0b",
  "pins" : [
    {
      "identity" : "fluidaudio",
      "kind" : "remoteSourceControl",
      "location" : "https://github.com/FluidInference/FluidAudio.git",
      "state" : {
        "revision" : "19600a485baa4998812e4654b70d2bab8f2c9949",
        "version" : "0.15.5"
      }
    },
    {
      "identity" : "swiftwhisper",
      "kind" : "remoteSourceControl",
      "location" : "https://github.com/exPHAT/SwiftWhisper.git",
      "state" : {
        "revision" : "c340197966ebd264f3135d3955874b40f8ed58bc"
      }
    }
  ],
  "version" : 3
}
